// !$*UTF8*$!
{
	archiveVersion = 1;
	classes = {
	};
	objectVersion = 50;
	objects = {

/* Begin PBXBuildFile section */
		8628B41D24D736AD007EF3B0 /* SliderUIKit.swift in Sources */ = {isa = PBXBuildFile; fileRef = 8628B41C24D736AD007EF3B0 /* SliderUIKit.swift */; };
		864FD2DC24D6E0750018996D /* AppDelegate.swift in Sources */ = {isa = PBXBuildFile; fileRef = 864FD2DB24D6E0750018996D /* AppDelegate.swift */; };
		864FD2DE24D6E0750018996D /* SceneDelegate.swift in Sources */ = {isa = PBXBuildFile; fileRef = 864FD2DD24D6E0750018996D /* SceneDelegate.swift */; };
		864FD2E024D6E0750018996D /* ContentView.swift in Sources */ = {isa = PBXBuildFile; fileRef = 864FD2DF24D6E0750018996D /* ContentView.swift */; };
		864FD2E224D6E0770018996D /* Assets.xcassets in Resources */ = {isa = PBXBuildFile; fileRef = 864FD2E124D6E0770018996D /* Assets.xcassets */; };
		864FD2E524D6E0770018996D /* Preview Assets.xcassets in Resources */ = {isa = PBXBuildFile; fileRef = 864FD2E424D6E0770018996D /* Preview Assets.xcassets */; };
		864FD2E824D6E0770018996D /* LaunchScreen.storyboard in Resources */ = {isa = PBXBuildFile; fileRef = 864FD2E624D6E0770018996D /* LaunchScreen.storyboard */; };
/* End PBXBuildFile section */

/* Begin PBXFileReference section */
		8628B41C24D736AD007EF3B0 /* SliderUIKit.swift */ = {isa = PBXFileReference; lastKnownFileType = sourcecode.swift; path = SliderUIKit.swift; sourceTree = "<group>"; };
		864FD2D824D6E0750018996D /* Slider Game SwiftUI.app */ = {isa = PBXFileReference; explicitFileType = wrapper.application; includeInIndex = 0; path = "Slider Game SwiftUI.app"; sourceTree = BUILT_PRODUCTS_DIR; };
		864FD2DB24D6E0750018996D /* AppDelegate.swift */ = {isa = PBXFileReference; lastKnownFileType = sourcecode.swift; path = AppDelegate.swift; sourceTree = "<group>"; };
		864FD2DD24D6E0750018996D /* SceneDelegate.swift */ = {isa = PBXFileReference; lastKnownFileType = sourcecode.swift; path = SceneDelegate.swift; sourceTree = "<group>"; };
		864FD2DF24D6E0750018996D /* ContentView.swift */ = {isa = PBXFileReference; lastKnownFileType = sourcecode.swift; path = ContentView.swift; sourceTree = "<group>"; };
		864FD2E124D6E0770018996D /* Assets.xcassets */ = {isa = PBXFileReference; lastKnownFileType = folder.assetcatalog; path = Assets.xcassets; sourceTree = "<group>"; };
		864FD2E424D6E0770018996D /* Preview Assets.xcassets */ = {isa = PBXFileReference; lastKnownFileType = folder.assetcatalog; path = "Preview Assets.xcassets"; sourceTree = "<group>"; };
		864FD2E724D6E0770018996D /* Base */ = {isa = PBXFileReference; lastKnownFileType = file.storyboard; name = Base; path = Base.lproj/LaunchScreen.storyboard; sourceTree = "<group>"; };
		864FD2E924D6E0770018996D /* Info.plist */ = {isa = PBXFileReference; lastKnownFileType = text.plist.xml; path = Info.plist; sourceTree = "<group>"; };
/* End PBXFileReference section */

/* Begin PBXFrameworksBuildPhase section */
		864FD2D524D6E0750018996D /* Frameworks */ = {
			isa = PBXFrameworksBuildPhase;
			buildActionMask = 2147483647;
			files = (
			);
			runOnlyForDeploymentPostprocessing = 0;
		};
/* End PBXFrameworksBuildPhase section */

/* Begin PBXGroup section */
		864FD2CF24D6E0750018996D = {
			isa = PBXGroup;
			children = (
				864FD2DA24D6E0750018996D /* Slider Game SwiftUI */,
				864FD2D924D6E0750018996D /* Products */,
			);
			sourceTree = "<group>";
		};
		864FD2D924D6E0750018996D /* Products */ = {
			isa = PBXGroup;
			children = (
				864FD2D824D6E0750018996D /* Slider Game SwiftUI.app */,
			);
			name = Products;
			sourceTree = "<group>";
		};
		864FD2DA24D6E0750018996D /* Slider Game SwiftUI */ = {
			isa = PBXGroup;
			children = (
				864FD2DB24D6E0750018996D /* AppDelegate.swift */,
				864FD2DD24D6E0750018996D /* SceneDelegate.swift */,
				864FD2DF24D6E0750018996D /* ContentView.swift */,
				8628B41C24D736AD007EF3B0 /* SliderUIKit.swift */,
				864FD2E124D6E0770018996D /* Assets.xcassets */,
				864FD2E624D6E0770018996D /* LaunchScreen.storyboard */,
				864FD2E924D6E0770018996D /* Info.plist */,
				864FD2E324D6E0770018996D /* Preview Content */,
			);
			path = "Slider Game SwiftUI";
			sourceTree = "<group>";
		};
		864FD2E324D6E0770018996D /* Preview Content */ = {
			isa = PBXGroup;
			children = (
				864FD2E424D6E0770018996D /* Preview Assets.xcassets */,
			);
			path = "Preview Content";
			sourceTree = "<group>";
		};
/* End PBXGroup section */

/* Begin PBXNativeTarget section */
		864FD2D724D6E0750018996D /* Slider Game SwiftUI */ = {
			isa = PBXNativeTarget;
			buildConfigurationList = 864FD2EC24D6E0770018996D /* Build configuration list for PBXNativeTarget "Slider Game SwiftUI" */;
			buildPhases = (
				864FD2D424D6E0750018996D /* Sources */,
				864FD2D524D6E0750018996D /* Frameworks */,
				864FD2D624D6E0750018996D /* Resources */,
			);
			buildRules = (
			);
			dependencies = (
			);
			name = "Slider Game SwiftUI";
			productName = "Slider Game SwiftUI";
			productReference = 864FD2D824D6E0750018996D /* Slider Game SwiftUI.app */;
			productType = "com.apple.product-type.application";
		};
/* End PBXNativeTarget section */

/* Begin PBXProject section */
		864FD2D024D6E0750018996D /* Project object */ = {
			isa = PBXProject;
			attributes = {
				LastSwiftUpdateCheck = 1160;
				LastUpgradeCheck = 1160;
				ORGANIZATIONNAME = "Vladislav Cheremisov";
				TargetAttributes = {
					864FD2D724D6E0750018996D = {
						CreatedOnToolsVersion = 11.6;
					};
				};
			};
			buildConfigurationList = 864FD2D324D6E0750018996D /* Build configuration list for PBXProject "Slider Game SwiftUI" */;
			compatibilityVersion = "Xcode 9.3";
			developmentRegion = en;
			hasScannedForEncodings = 0;
			knownRegions = (
				en,
				Base,
			);
			mainGroup = 864FD2CF24D6E0750018996D;
			productRefGroup = 864FD2D924D6E0750018996D /* Products */;
			projectDirPath = "";
			projectRoot = "";
			targets = (
				864FD2D724D6E0750018996D /* Slider Game SwiftUI */,
			);
		};
/* End PBXProject section */

/* Begin PBXResourcesBuildPhase section */
		864FD2D624D6E0750018996D /* Resources */ = {
			isa = PBXResourcesBuildPhase;
			buildActionMask = 2147483647;
			files = (
				864FD2E824D6E0770018996D /* LaunchScreen.storyboard in Resources */,
				864FD2E524D6E0770018996D /* Preview Assets.xcassets in Resources */,
				864FD2E224D6E0770018996D /* Assets.xcassets in Resources */,
			);
			runOnlyForDeploymentPostprocessing = 0;
		};
/* End PBXResourcesBuildPhase section */

/* Begin PBXSourcesBuildPhase section */
		864FD2D424D6E0750018996D /* Sources */ = {
			isa = PBXSourcesBuildPhase;
			buildActionMask = 2147483647;
			files = (
				864FD2DC24D6E0750018996D /* AppDelegate.swift in Sources */,
				8628B41D24D736AD007EF3B0 /* SliderUIKit.swift in Sources */,
				864FD2DE24D6E0750018996D /* SceneDelegate.swift in Sources */,
				864FD2E024D6E0750018996D /* ContentView.swift in Sources */,
			);
			runOnlyForDeploymentPostprocessing = 0;
		};
/* End PBXSourcesBuildPhase section */

/* Begin PBXVariantGroup section */
		864FD2E624D6E0770018996D /* LaunchScreen.storyboard */ = {
			isa = PBXVariantGroup;
			children = (
				864FD2E724D6E0770018996D /* Base */,
			);
			name = LaunchScreen.storyboard;
			sourceTree = "<group>";
		};
/* End PBXVariantGroup section */

/* Begin XCBuildConfiguration section */
		864FD2EA24D6E0770018996D /* Debug */ = {
			isa = XCBuildConfiguration;
			buildSettings = {
				ALWAYS_SEARCH_USER_PATHS = NO;
				CLANG_ANALYZER_NONNULL = YES;
				CLANG_ANALYZER_NUMBER_OBJECT_CONVERSION = YES_AGGRESSIVE;
				CLANG_CXX_LANGUAGE_STANDARD = "gnu++14";
				CLANG_CXX_LIBRARY = "libc++";
				CLANG_ENABLE_MODULES = YES;
				CLANG_ENABLE_OBJC_ARC = YES;
				CLANG_ENABLE_OBJC_WEAK = YES;
				CLANG_WARN_BLOCK_CAPTURE_AUTORELEASING = YES;
				CLANG_WARN_BOOL_CONVERSION = YES;
				CLANG_WARN_COMMA = YES;
				CLANG_WARN_CONSTANT_CONVERSION = YES;
				CLANG_WARN_DEPRECATED_OBJC_IMPLEMENTATIONS = YES;
				CLANG_WARN_DIRECT_OBJC_ISA_USAGE = YES_ERROR;
				CLANG_WARN_DOCUMENTATION_COMMENTS = YES;
				CLANG_WARN_EMPTY_BODY = YES;
				CLANG_WARN_ENUM_CONVERSION = YES;
				CLANG_WARN_INFINITE_RECURSION = YES;
				CLANG_WARN_INT_CONVERSION = YES;
				CLANG_WARN_NON_LITERAL_NULL_CONVERSION = YES;
				CLANG_WARN_OBJC_IMPLICIT_RETAIN_SELF = YES;
				CLANG_WARN_OBJC_LITERAL_CONVERSION = YES;
				CLANG_WARN_OBJC_ROOT_CLASS = YES_ERROR;
				CLANG_WARN_RANGE_LOOP_ANALYSIS = YES;
				CLANG_WARN_STRICT_PROTOTYPES = YES;
				CLANG_WARN_SUSPICIOUS_MOVE = YES;
				CLANG_WARN_UNGUARDED_AVAILABILITY = YES_AGGRESSIVE;
				CLANG_WARN_UNREACHABLE_CODE = YES;
				CLANG_WARN__DUPLICATE_METHOD_MATCH = YES;
				COPY_PHASE_STRIP = NO;
				DEBUG_INFORMATION_FORMAT = dwarf;
				ENABLE_STRICT_OBJC_MSGSEND = YES;
				ENABLE_TESTABILITY = YES;
				GCC_C_LANGUAGE_STANDARD = gnu11;
				GCC_DYNAMIC_NO_PIC = NO;
				GCC_NO_COMMON_BLOCKS = YES;
				GCC_OPTIMIZATION_LEVEL = 0;
				GCC_PREPROCESSOR_DEFINITIONS = (
					"DEBUG=1",
					"$(inherited)",
				);
				GCC_WARN_64_TO_32_BIT_CONVERSION = YES;
				GCC_WARN_ABOUT_RETURN_TYPE = YES_ERROR;
				GCC_WARN_UNDECLARED_SELECTOR = YES;
				GCC_WARN_UNINITIALIZED_AUTOS = YES_AGGRESSIVE;
				GCC_WARN_UNUSED_FUNCTION = YES;
				GCC_WARN_UNUSED_VARIABLE = YES;
				IPHONEOS_DEPLOYMENT_TARGET = 13.6;
				MTL_ENABLE_DEBUG_INFO = INCLUDE_SOURCE;
				MTL_FAST_MATH = YES;
				ONLY_ACTIVE_ARCH = YES;
				SDKROOT = iphoneos;
				SWIFT_ACTIVE_COMPILATION_CONDITIONS = DEBUG;
				SWIFT_OPTIMIZATION_LEVEL = "-Onone";
			};
			name = Debug;
		};
		864FD2EB24D6E0770018996D /* Release */ = {
			isa = XCBuildConfiguration;
			buildSettings = {
				ALWAYS_SEARCH_USER_PATHS = NO;
				CLANG_ANALYZER_NONNULL = YES;
				CLANG_ANALYZER_NUMBER_OBJECT_CONVERSION = YES_AGGRESSIVE;
				CLANG_CXX_LANGUAGE_STANDARD = "gnu++14";
				CLANG_CXX_LIBRARY = "libc++";
				CLANG_ENABLE_MODULES = YES;
				CLANG_ENABLE_OBJC_ARC = YES;
				CLANG_ENABLE_OBJC_WEAK = YES;
				CLANG_WARN_BLOCK_CAPTURE_AUTORELEASING = YES;
				CLANG_WARN_BOOL_CONVERSION = YES;
				CLANG_WARN_COMMA = YES;
				CLANG_WARN_CONSTANT_CONVERSION = YES;
				CLANG_WARN_DEPRECATED_OBJC_IMPLEMENTATIONS = YES;
				CLANG_WARN_DIRECT_OBJC_ISA_USAGE = YES_ERROR;
				CLANG_WARN_DOCUMENTATION_COMMENTS = YES;
				CLANG_WARN_EMPTY_BODY = YES;
				CLANG_WARN_ENUM_CONVERSION = YES;
				CLANG_WARN_INFINITE_RECURSION = YES;
				CLANG_WARN_INT_CONVERSION = YES;
				CLANG_WARN_NON_LITERAL_NULL_CONVERSION = YES;
				CLANG_WARN_OBJC_IMPLICIT_RETAIN_SELF = YES;
				CLANG_WARN_OBJC_LITERAL_CONVERSION = YES;
				CLANG_WARN_OBJC_ROOT_CLASS = YES_ERROR;
				CLANG_WARN_RANGE_LOOP_ANALYSIS = YES;
				CLANG_WARN_STRICT_PROTOTYPES = YES;
				CLANG_WARN_SUSPICIOUS_MOVE = YES;
				CLANG_WARN_UNGUARDED_AVAILABILITY = YES_AGGRESSIVE;
				CLANG_WARN_UNREACHABLE_CODE = YES;
				CLANG_WARN__DUPLICATE_METHOD_MATCH = YES;
				COPY_PHASE_STRIP = NO;
				DEBUG_INFORMATION_FORMAT = "dwarf-with-dsym";
				ENABLE_NS_ASSERTIONS = NO;
				ENABLE_STRICT_OBJC_MSGSEND = YES;
				GCC_C_LANGUAGE_STANDARD = gnu11;
				GCC_NO_COMMON_BLOCKS = YES;
				GCC_WARN_64_TO_32_BIT_CONVERSION = YES;
				GCC_WARN_ABOUT_RETURN_TYPE = YES_ERROR;
				GCC_WARN_UNDECLARED_SELECTOR = YES;
				GCC_WARN_UNINITIALIZED_AUTOS = YES_AGGRESSIVE;
				GCC_WARN_UNUSED_FUNCTION = YES;
				GCC_WARN_UNUSED_VARIABLE = YES;
				IPHONEOS_DEPLOYMENT_TARGET = 13.6;
				MTL_ENABLE_DEBUG_INFO = NO;
				MTL_FAST_MATH = YES;
				SDKROOT = iphoneos;
				SWIFT_COMPILATION_MODE = wholemodule;
				SWIFT_OPTIMIZATION_LEVEL = "-O";
				VALIDATE_PRODUCT = YES;
			};
			name = Release;
		};
		864FD2ED24D6E0770018996D /* Debug */ = {
			isa = XCBuildConfiguration;
			buildSettings = {
				ASSETCATALOG_COMPILER_APPICON_NAME = AppIcon;
				CODE_SIGN_STYLE = Automatic;
				DEVELOPMENT_ASSET_PATHS = "\"Slider Game SwiftUI/Preview Content\"";
				DEVELOPMENT_TEAM = D28YKYJC2T;
				ENABLE_PREVIEWS = YES;
				INFOPLIST_FILE = "Slider Game SwiftUI/Info.plist";
				LD_RUNPATH_SEARCH_PATHS = (
					"$(inherited)",
					"@executable_path/Frameworks",
				);
				PRODUCT_BUNDLE_IDENTIFIER = "ru.vladislavcheremisov.Slider-Game-SwiftUI";
				PRODUCT_NAME = "$(TARGET_NAME)";
				SWIFT_VERSION = 5.0;
				TARGETED_DEVICE_FAMILY = "1,2";
			};
			name = Debug;
		};
		864FD2EE24D6E0770018996D /* Release */ = {
			isa = XCBuildConfiguration;
			buildSettings = {
				ASSETCATALOG_COMPILER_APPICON_NAME = AppIcon;
				CODE_SIGN_STYLE = Automatic;
				DEVELOPMENT_ASSET_PATHS = "\"Slider Game SwiftUI/Preview Content\"";
				DEVELOPMENT_TEAM = D28YKYJC2T;
				ENABLE_PREVIEWS = YES;
				INFOPLIST_FILE = "Slider Game SwiftUI/Info.plist";
				LD_RUNPATH_SEARCH_PATHS = (
					"$(inherited)",
					"@executable_path/Frameworks",
				);
				PRODUCT_BUNDLE_IDENTIFIER = "ru.vladislavcheremisov.Slider-Game-SwiftUI";
				PRODUCT_NAME = "$(TARGET_NAME)";
				SWIFT_VERSION = 5.0;
				TARGETED_DEVICE_FAMILY = "1,2";
			};
			name = Release;
		};
/* End XCBuildConfiguration section */

/* Begin XCConfigurationList section */
		864FD2D324D6E0750018996D /* Build configuration list for PBXProject "Slider Game SwiftUI" */ = {
			isa = XCConfigurationList;
			buildConfigurations = (
				864FD2EA24D6E0770018996D /* Debug */,
				864FD2EB24D6E0770018996D /* Release */,
			);
			defaultConfigurationIsVisible = 0;
			defaultConfigurationName = Release;
		};
		864FD2EC24D6E0770018996D /* Build configuration list for PBXNativeTarget "Slider Game SwiftUI" */ = {
			isa = XCConfigurationList;
			buildConfigurations = (
				864FD2ED24D6E0770018996D /* Debug */,
				864FD2EE24D6E0770018996D /* Release */,
			);
			defaultConfigurationIsVisible = 0;
			defaultConfigurationName = Release;
		};
/* End XCConfigurationList section */
	};
	rootObject = 864FD2D024D6E0750018996D /* Project object */;
}
